
Microsoft Visual Studio Solution File, Format Version 12.00
# Visual Studio Version 17
VisualStudioVersion = 17.5.33414.496
MinimumVisualStudioVersion = 10.0.40219.1
Project("{FAE04EC0-301F-11D3-BF4B-00C04F79EFBC}") = "UnitTesting", "UnitTesting\UnitTesting.csproj", "{7E57A264-62BE-49CF-B30A-2DF6DD351627}"
EndProject
Project("{FAE04EC0-301F-11D3-BF4B-00C04F79EFBC}") = "UnitTestingTests", "UnitTestingTests\UnitTestingTests.csproj", "{09DA2461-7F58-4CEA-A158-7CC7F0EEDF85}"
EndProject
Global
	GlobalSection(SolutionConfigurationPlatforms) = preSolution
		Debug|Any CPU = Debug|Any CPU
		Release|Any CPU = Release|Any CPU
	EndGlobalSection
	GlobalSection(ProjectConfigurationPlatforms) = postSolution
		{7E57A264-62BE-49CF-B30A-2DF6DD351627}.Debug|Any CPU.ActiveCfg = Debug|Any CPU
		{7E57A264-62BE-49CF-B30A-2DF6DD351627}.Debug|Any CPU.Build.0 = Debug|Any CPU
		{7E57A264-62BE-49CF-B30A-2DF6DD351627}.Release|Any CPU.ActiveCfg = Release|Any CPU
		{7E57A264-62BE-49CF-B30A-2DF6DD351627}.Release|Any CPU.Build.0 = Release|Any CPU
		{09DA2461-7F58-4CEA-A158-7CC7F0EEDF85}.Debug|Any CPU.ActiveCfg = Debug|Any CPU
		{09DA2461-7F58-4CEA-A158-7CC7F0EEDF85}.Debug|Any CPU.Build.0 = Debug|Any CPU
		{09DA2461-7F58-4CEA-A158-7CC7F0EEDF85}.Release|Any CPU.ActiveCfg = Release|Any CPU
		{09DA2461-7F58-4CEA-A158-7CC7F0EEDF85}.Release|Any CPU.Build.0 = Release|Any CPU
	EndGlobalSection
	GlobalSection(SolutionProperties) = preSolution
		HideSolutionNode = FALSE
	EndGlobalSection
	GlobalSection(ExtensibilityGlobals) = postSolution
		SolutionGuid = {8870DDEE-C188-410B-AA05-512EA44A1109}
	EndGlobalSection
EndGlobal
